
Microsoft Visual Studio Solution File, Format Version 12.00
# Visual Studio 14
VisualStudioVersion = 14.0.24720.0
MinimumVisualStudioVersion = 10.0.40219.1
Project("{FAE04EC0-301F-11D3-BF4B-00C04F79EFBC}") = "LWS", "LWS\LWS.csproj", "{BEADC15E-1D94-433A-9E5C-4BAC576EBC30}"
EndProject
Project("{FAE04EC0-301F-11D3-BF4B-00C04F79EFBC}") = "LWS.Tests", "LWS.Tests\LWS.Tests.csproj", "{441CE333-4A7F-439D-92B7-5B72B448190C}"
EndProject
Global
	GlobalSection(SolutionConfigurationPlatforms) = preSolution
		Debug|Any CPU = Debug|Any CPU
		Release|Any CPU = Release|Any CPU
	EndGlobalSection
	GlobalSection(ProjectConfigurationPlatforms) = postSolution
		{BEADC15E-1D94-433A-9E5C-4BAC576EBC30}.Debug|Any CPU.ActiveCfg = Debug|Any CPU
		{BEADC15E-1D94-433A-9E5C-4BAC576EBC30}.Debug|Any CPU.Build.0 = Debug|Any CPU
		{BEADC15E-1D94-433A-9E5C-4BAC576EBC30}.Release|Any CPU.ActiveCfg = Release|Any CPU
		{BEADC15E-1D94-433A-9E5C-4BAC576EBC30}.Release|Any CPU.Build.0 = Release|Any CPU
		{441CE333-4A7F-439D-92B7-5B72B448190C}.Debug|Any CPU.ActiveCfg = Debug|Any CPU
		{441CE333-4A7F-439D-92B7-5B72B448190C}.Debug|Any CPU.Build.0 = Debug|Any CPU
		{441CE333-4A7F-439D-92B7-5B72B448190C}.Release|Any CPU.ActiveCfg = Release|Any CPU
		{441CE333-4A7F-439D-92B7-5B72B448190C}.Release|Any CPU.Build.0 = Release|Any CPU
	EndGlobalSection
	GlobalSection(SolutionProperties) = preSolution
		HideSolutionNode = FALSE
	EndGlobalSection
EndGlobal
